
Microsoft Visual Studio Solution File, Format Version 12.00
# Visual Studio Version 16
VisualStudioVersion = 16.0.32126.315
MinimumVisualStudioVersion = 10.0.40219.1
Project("{FAE04EC0-301F-11D3-BF4B-00C04F79EFBC}") = "WebApplication3", "WebApplication3.csproj", "{BCDE6463-52C8-482C-8A27-CCC55CA0318D}"
EndProject
Global
	GlobalSection(SolutionConfigurationPlatforms) = preSolution
		Debug|Any CPU = Debug|Any CPU
		Release|Any CPU = Release|Any CPU
	EndGlobalSection
	GlobalSection(ProjectConfigurationPlatforms) = postSolution
		{BCDE6463-52C8-482C-8A27-CCC55CA0318D}.Debug|Any CPU.ActiveCfg = Debug|Any CPU
		{BCDE6463-52C8-482C-8A27-CCC55CA0318D}.Debug|Any CPU.Build.0 = Debug|Any CPU
		{BCDE6463-52C8-482C-8A27-CCC55CA0318D}.Release|Any CPU.ActiveCfg = Release|Any CPU
		{BCDE6463-52C8-482C-8A27-CCC55CA0318D}.Release|Any CPU.Build.0 = Release|Any CPU
	EndGlobalSection
	GlobalSection(SolutionProperties) = preSolution
		HideSolutionNode = FALSE
	EndGlobalSection
	GlobalSection(ExtensibilityGlobals) = postSolution
		SolutionGuid = {DEC67D4D-27BE-4AA5-BD30-369DA366633A}
	EndGlobalSection
EndGlobal
